{
    "_meta": {
        "hash": {
            "sha256": "4d520b8adc00c641ed1c4a4a0c5c616c2d1821849907ed70fe7af5e1a2f0556a"
        },
        "pipfile-spec": 6,
        "requires": {
            "python_version": "3.7"
        },
        "sources": [
            {
                "name": "pypi",
                "url": "https://pypi.org/simple",
                "verify_ssl": true
            }
        ]
    },
    "default": {
        "absl-py": {
            "hashes": [
                "sha256:72d782fbeafba66ba3e525d46bccac949b9a174dbf66233e50ece09ee688dc81",
                "sha256:ea907384af023a7e681368bedb896159ab100c7db593efbbd5cde22af11270cd"
            ],
            "version": "==0.15.0"
        },
        "astunparse": {
            "hashes": [
                "sha256:5ad93a8456f0d084c3456d059fd9a92cce667963232cbf763eac3bc5b7940872",
                "sha256:c2652417f2c8b5bb325c885ae329bdf3f86424075c4fd1a128674bc6fba4b8e8"
            ],
            "version": "==1.6.3"
        },
        "backcall": {
            "hashes": [
                "sha256:5cbdbf27be5e7cfadb448baf0aa95508f91f2bbc6c6437cd9cd06e2a4c215e1e",
                "sha256:fbbce6a29f263178a1f7915c1940bde0ec2b2a967566fe1c65c1dfb7422bd255"
            ],
            "version": "==0.2.0"
        },
        "cachetools": {
            "hashes": [
                "sha256:89ea6f1b638d5a73a4f9226be57ac5e4f399d22770b92355f92dcb0f7f001693",
                "sha256:92971d3cb7d2a97efff7c7bb1657f21a8f5fb309a37530537c71b1774189f2d1"
            ],
            "markers": "python_version ~= '3.5'",
            "version": "==4.2.4"
        },
        "certifi": {
            "hashes": [
                "sha256:78884e7c1d4b00ce3cea67b44566851c4343c120abd683433ce934a68ea58872",
                "sha256:d62a0163eb4c2344ac042ab2bdf75399a71a2d8c7d47eac2e2ee91b9d6339569"
            ],
            "version": "==2021.10.8"
        },
        "charset-normalizer": {
            "hashes": [
                "sha256:e019de665e2bcf9c2b64e2e5aa025fa991da8720daa3c1138cadd2fd1856aed0",
                "sha256:f7af805c321bfa1ce6714c51f254e0d5bb5e5834039bc17db7ebe3a4cec9492b"
            ],
            "markers": "python_version >= '3'",
            "version": "==2.0.7"
        },
        "decorator": {
            "hashes": [
                "sha256:7b12e7c3c6ab203a29e157335e9122cb03de9ab7264b137594103fd4a683b374",
                "sha256:e59913af105b9860aa2c8d3272d9de5a56a4e608db9a2f167a8480b323d529a7"
            ],
            "markers": "python_version >= '3.5'",
            "version": "==5.1.0"
        },
        "gast": {
            "hashes": [
                "sha256:8f46f5be57ae6889a4e16e2ca113b1703ef17f2b0abceb83793eaba9e1351a45",
                "sha256:b881ef288a49aa81440d2c5eb8aeefd4c2bb8993d5f50edae7413a85bfdb3b57"
            ],
            "markers": "python_version >= '2.7' and python_version not in '3.0, 3.1, 3.2, 3.3'",
            "version": "==0.3.3"
        },
        "google-auth": {
            "hashes": [
                "sha256:4d73e41f4a59892bdd728ce1143f0dc3e1dd4f0130543ce492ce8de7cf5c9a18",
                "sha256:6f3457723762eb5618429e4498c9d8dbd726963a1f25bd95f80682d2f6040d7d"
            ],
            "markers": "python_version >= '2.7' and python_version not in '3.0, 3.1, 3.2, 3.3, 3.4, 3.5'",
            "version": "==2.3.1"
        },
        "google-auth-oauthlib": {
            "hashes": [
                "sha256:3f2a6e802eebbb6fb736a370fbf3b055edcb6b52878bf2f26330b5e041316c73",
                "sha256:a90a072f6993f2c327067bf65270046384cda5a8ecb20b94ea9a687f1f233a7a"
            ],
            "markers": "python_version >= '3.6'",
            "version": "==0.4.6"
        },
        "google-pasta": {
            "hashes": [
                "sha256:4612951da876b1a10fe3960d7226f0c7682cf901e16ac06e473b267a5afa8954",
                "sha256:b32482794a366b5366a32c92a9a9201b107821889935a02b3e51f6b432ea84ed",
                "sha256:c9f2c8dfc8f96d0d5808299920721be30c9eec37f2389f28904f454565c8a16e"
            ],
            "version": "==0.2.0"
        },
        "grpcio": {
            "hashes": [
                "sha256:0aa1af3e1480b6dd3092ee67c4b67b1ea88d638fcdc4d1a611ae11e311800b34",
                "sha256:0c075616d5e86fb65fd4784d5a87d6e5a1882d277dce5c33d9b67cfc71d79899",
                "sha256:133fb9a3cf4519543e4e41eb18b5dac0da26941aeabca8122dbcf3decbad2d21",
                "sha256:23a3f03e1d9ac429ff78d23d2ab07756d3728ee1a68b5f244d8435006608b6aa",
                "sha256:2a34c8979de10b04a44d2cad07d41d83643e65e49f84a05b1adf150aeb41c95f",
                "sha256:2eb8180a6d9e47fc865a4e92a2678f3202145021ef2c1bccf165fa5744f6ec95",
                "sha256:2f2ee78a6ae88d668ceda56fa4a18d8a38b34c2f2e1332083dd1da1a92870703",
                "sha256:31a47af7356fb5ed3120636dd75c5efb571ecf15737484119e31286687f0e52a",
                "sha256:3213dfe3abfc3fda7f30e86aa5967dce0c2eb4cc90a0504f95434091bf6b219a",
                "sha256:32b7ca83f1a6929217098aaaac89fc49879ae714c95501d40df41a0e7506164c",
                "sha256:3713e3918da6ae10812a64e75620a172f01af2ff0a1c99d6481c910e1d4a9053",
                "sha256:3b4b7c1ab18283eb64af5648d20eabef9237a2aec09e30a805f18adc9497258d",
                "sha256:3f0b70cf8632028714a8341b841b011a47900b1c163bf5fababb4ab3888c9b6c",
                "sha256:61aa02f4505c5bbbaeba80fef1bd6871d1aef05a8778a707ab91303ee0865ad0",
                "sha256:6ca497ccecaa8727f14c4ccc9ffb70a19c6413fe1d4650500c90a7febd662860",
                "sha256:71d9ed5a732a54b9c87764609f2fd2bc4ae72fa85e271038eb132ea723222209",
                "sha256:72d0bdc3605dc8f4187b302e1180643963896e3f2917a52becb51afb54448e3e",
                "sha256:734690b3f35468f8ed4003ec7622d2d47567f1881f5fcdca34f1e52551c2ef55",
                "sha256:740f5b21a7108a8c08bf522434752dc1d306274d47ca8b4d51af5588a16b6113",
                "sha256:766f1b943abc3e27842b72fba6e28fb9f57c9b84029fd7e91146e4c37034d937",
                "sha256:788154b32bf712e9711d001df024af5f7b2522117876c129bb27b9ad6e5461fb",
                "sha256:7a22a7378ea59ad1e6f2e79f9da6862eb9e1f6586253aee784d419a49e3f4bd9",
                "sha256:8487fb0649ebebc9c5dca1a6dc4eb7fddf701183426b3eefeb3584639d223d43",
                "sha256:8824b36e6b0e45fefe0b4eac5ad460830e0cbc856a0c794f711289b4b8933d53",
                "sha256:888d8519709652dd39415de5f79abd50257201b345dd4f40151feffc3dad3232",
                "sha256:9170b5d2082fc00c057c6ccd6b893033c1ade05717fcec1d63557c3bc7afdb1b",
                "sha256:9b751271b029432a526a4970dc9b70d93eb6f0963b6a841b574f780b72651969",
                "sha256:9d1be99f216b18f8a9dbdfbdbcc9a6caee504d0d27295fdbb5c8da35f5254a69",
                "sha256:9e403d07d77ed4495ad3c18994191525b11274693e72e464241c9139e2f9cd7c",
                "sha256:a3bb4302389b23f2006ecaaea5eb4a39cc80ea98d1964159e59c1c20ef39a483",
                "sha256:a5ac91db3c588296366554b2d91116fc3a9f05bae516cafae07220e1f05bfef7",
                "sha256:b1232c5efc8a9e4b7a13db235c51135412beb9e62e618a2a89dd0463edb3d929",
                "sha256:b8dd1b6456c6fb3681affe0f81dff4b3bc46f825fc05e086d64216545da9ad92",
                "sha256:c32c470e077b34a52e87e7de26644ad0f9e9ff89a785ff7e6466870869659e05",
                "sha256:c35b847bc6bd3c3a118a13277d91a772e7dd163ce7dd2791239f9941b6eaafe3",
                "sha256:c3a446b6a1f8077cc03d0d496fc1cecdd3d0b66860c0c5b65cc92d0549117840",
                "sha256:d1461672b2eaef9affb60a71014ebd2f789deea7c9acb1d4bd163de92dd8e044",
                "sha256:e156ea12adb7a7ca8d8280c9df850c15510b790c785fc26c9a3fb928cd221fd4",
                "sha256:ead9885b53777bed4b0694ff0baea9d2c519ff774b17b177bde43d73e2b4aa38",
                "sha256:ebbe9582ef06559a2358827a588ab4b92a2639517de8fe428288772820ab03b5",
                "sha256:f68aa98f5970eccb6c94456f3447a99916c42fbddae1971256bc4e7c40a6593b",
                "sha256:fc2eadfb5ec956c556c138fab0dfc1d2395c57ae0bfea047edae1976a26b250c",
                "sha256:fd11995e3402af0f838844194707da8b3235f1719bcac961493f0138f1325893",
                "sha256:fd570720871dc84d2adc8430ce287319c9238d1e2f70c140f9bc54c690fabd1b"
            ],
            "version": "==1.41.1"
        },
        "h5py": {
            "hashes": [
                "sha256:063947eaed5f271679ed4ffa36bb96f57bc14f44dd4336a827d9a02702e6ce6b",
                "sha256:13c87efa24768a5e24e360a40e0bc4c49bcb7ce1bb13a3a7f9902cec302ccd36",
                "sha256:16ead3c57141101e3296ebeed79c9c143c32bdd0e82a61a2fc67e8e6d493e9d1",
                "sha256:3dad1730b6470fad853ef56d755d06bb916ee68a3d8272b3bab0c1ddf83bb99e",
                "sha256:51ae56894c6c93159086ffa2c94b5b3388c0400548ab26555c143e7cfa05b8e5",
                "sha256:54817b696e87eb9e403e42643305f142cd8b940fe9b3b490bbf98c3b8a894cf4",
                "sha256:549ad124df27c056b2e255ea1c44d30fb7a17d17676d03096ad5cd85edb32dc1",
                "sha256:64f74da4a1dd0d2042e7d04cf8294e04ddad686f8eba9bb79e517ae582f6668d",
                "sha256:6998be619c695910cb0effe5eb15d3a511d3d1a5d217d4bd0bebad1151ec2262",
                "sha256:6ef7ab1089e3ef53ca099038f3c0a94d03e3560e6aff0e9d6c64c55fb13fc681",
                "sha256:769e141512b54dee14ec76ed354fcacfc7d97fea5a7646b709f7400cf1838630",
                "sha256:79b23f47c6524d61f899254f5cd5e486e19868f1823298bc0c29d345c2447172",
                "sha256:7be5754a159236e95bd196419485343e2b5875e806fe68919e087b6351f40a70",
                "sha256:84412798925dc870ffd7107f045d7659e60f5d46d1c70c700375248bf6bf512d",
                "sha256:86868dc07b9cc8cb7627372a2e6636cdc7a53b7e2854ad020c9e9d8a4d3fd0f5",
                "sha256:8bb1d2de101f39743f91512a9750fb6c351c032e5cd3204b4487383e34da7f75",
                "sha256:a5f82cd4938ff8761d9760af3274acf55afc3c91c649c50ab18fcff5510a14a5",
                "sha256:aac4b57097ac29089f179bbc2a6e14102dd210618e94d77ee4831c65f82f17c0",
                "sha256:bffbc48331b4a801d2f4b7dac8a72609f0b10e6e516e5c480a3e3241e091c878",
                "sha256:c0d4b04bbf96c47b6d360cd06939e72def512b20a18a8547fa4af810258355d5",
                "sha256:c54a2c0dd4957776ace7f95879d81582298c5daf89e77fb8bee7378f132951de",
                "sha256:cbf28ae4b5af0f05aa6e7551cee304f1d317dbed1eb7ac1d827cee2f1ef97a99",
                "sha256:d35f7a3a6cefec82bfdad2785e78359a0e6a5fbb3f605dd5623ce88082ccd681",
                "sha256:d3c59549f90a891691991c17f8e58c8544060fdf3ccdea267100fa5f561ff62f",
                "sha256:d7ae7a0576b06cb8e8a1c265a8bc4b73d05fdee6429bffc9a26a6eb531e79d72",
                "sha256:ecf4d0b56ee394a0984de15bceeb97cbe1fe485f1ac205121293fc44dcf3f31f",
                "sha256:f0e25bb91e7a02efccb50aba6591d3fe2c725479e34769802fcdd4076abfa917",
                "sha256:f23951a53d18398ef1344c186fb04b26163ca6ce449ebd23404b153fd111ded9",
                "sha256:ff7d241f866b718e4584fa95f520cb19405220c501bd3a53ee11871ba5166ea2"
            ],
            "version": "==2.10.0"
        },
        "idna": {
            "hashes": [
                "sha256:84d9dd047ffa80596e0f246e2eab0b391788b0503584e8945f2368256d2735ff",
                "sha256:9d643ff0a55b762d5cdb124b8eaa99c66322e2157b69160bc32796e824360e6d"
            ],
            "markers": "python_version >= '3'",
            "version": "==3.3"
        },
        "importlib-metadata": {
            "hashes": [
                "sha256:b618b6d2d5ffa2f16add5697cf57a46c76a56229b0ed1c438322e4e95645bd15",
                "sha256:f284b3e11256ad1e5d03ab86bb2ccd6f5339688ff17a4d797a0fe7df326f23b1"
            ],
            "markers": "python_version < '3.8'",
            "version": "==4.8.1"
        },
        "ipython": {
            "hashes": [
                "sha256:2097be5c814d1b974aea57673176a924c4c8c9583890e7a5f082f547b9975b11",
                "sha256:f16148f9163e1e526f1008d7c8d966d9c15600ca20d1a754287cf96d00ba6f1d"
            ],
            "index": "pypi",
            "version": "==7.28.0"
        },
        "jedi": {
            "hashes": [
                "sha256:18456d83f65f400ab0c2d3319e48520420ef43b23a086fdc05dff34132f0fb93",
                "sha256:92550a404bad8afed881a137ec9a461fed49eca661414be45059329614ed0707"
            ],
            "markers": "python_version >= '3.6'",
            "version": "==0.18.0"
        },
        "joblib": {
            "hashes": [
                "sha256:4158fcecd13733f8be669be0683b96ebdbbd38d23559f54dca7205aea1bf1e35",
                "sha256:f21f109b3c7ff9d95f8387f752d0d9c34a02aa2f7060c2135f465da0e5160ff6"
            ],
            "markers": "python_version >= '3.6'",
            "version": "==1.1.0"
        },
        "keras-preprocessing": {
            "hashes": [
                "sha256:7b82029b130ff61cc99b55f3bd27427df4838576838c5b2f65940e4fcec99a7b",
                "sha256:add82567c50c8bc648c14195bf544a5ce7c1f76761536956c3d2978970179ef3"
            ],
            "version": "==1.1.2"
        },
        "markdown": {
            "hashes": [
                "sha256:31b5b491868dcc87d6c24b7e3d19a0d730d59d3e46f4eea6430a321bed387a49",
                "sha256:96c3ba1261de2f7547b46a00ea8463832c921d3f9d6aba3f255a6f71386db20c"
            ],
            "markers": "python_version >= '3.6'",
            "version": "==3.3.4"
        },
        "matplotlib-inline": {
            "hashes": [
                "sha256:a04bfba22e0d1395479f866853ec1ee28eea1485c1d69a6faf00dc3e24ff34ee",
                "sha256:aed605ba3b72462d64d475a21a9296f400a19c4f74a31b59103d2a99ffd5aa5c"
            ],
            "markers": "python_version >= '3.5'",
            "version": "==0.1.3"
        },
        "numpy": {
            "hashes": [
                "sha256:0172304e7d8d40e9e49553901903dc5f5a49a703363ed756796f5808a06fc233",
                "sha256:34e96e9dae65c4839bd80012023aadd6ee2ccb73ce7fdf3074c62f301e63120b",
                "sha256:3676abe3d621fc467c4c1469ee11e395c82b2d6b5463a9454e37fe9da07cd0d7",
                "sha256:3dd6823d3e04b5f223e3e265b4a1eae15f104f4366edd409e5a5e413a98f911f",
                "sha256:4064f53d4cce69e9ac613256dc2162e56f20a4e2d2086b1956dd2fcf77b7fac5",
                "sha256:4674f7d27a6c1c52a4d1aa5f0881f1eff840d2206989bae6acb1c7668c02ebfb",
                "sha256:7d42ab8cedd175b5ebcb39b5208b25ba104842489ed59fbb29356f671ac93583",
                "sha256:965df25449305092b23d5145b9bdaeb0149b6e41a77a7d728b1644b3c99277c1",
                "sha256:9c9d6531bc1886454f44aa8f809268bc481295cf9740827254f53c30104f074a",
                "sha256:a78e438db8ec26d5d9d0e584b27ef25c7afa5a182d1bf4d05e313d2d6d515271",
                "sha256:a7acefddf994af1aeba05bbbafe4ba983a187079f125146dc5859e6d817df824",
                "sha256:a87f59508c2b7ceb8631c20630118cc546f1f815e034193dc72390db038a5cb3",
                "sha256:ac792b385d81151bae2a5a8adb2b88261ceb4976dbfaaad9ce3a200e036753dc",
                "sha256:b03b2c0badeb606d1232e5f78852c102c0a7989d3a534b3129e7856a52f3d161",
                "sha256:b39321f1a74d1f9183bf1638a745b4fd6fe80efbb1f6b32b932a588b4bc7695f",
                "sha256:cae14a01a159b1ed91a324722d746523ec757357260c6804d11d6147a9e53e3f",
                "sha256:cd49930af1d1e49a812d987c2620ee63965b619257bd76eaaa95870ca08837cf",
                "sha256:e15b382603c58f24265c9c931c9a45eebf44fe2e6b4eaedbb0d025ab3255228b",
                "sha256:e91d31b34fc7c2c8f756b4e902f901f856ae53a93399368d9a0dc7be17ed2ca0",
                "sha256:ef627986941b5edd1ed74ba89ca43196ed197f1a206a3f18cc9faf2fb84fd675",
                "sha256:f718a7949d1c4f622ff548c572e0c03440b49b9531ff00e4ed5738b459f011e8"
            ],
            "markers": "python_version >= '3.5'",
            "version": "==1.18.5"
        },
        "oauthlib": {
            "hashes": [
                "sha256:42bf6354c2ed8c6acb54d971fce6f88193d97297e18602a3a886603f9d7730cc",
                "sha256:8f0215fcc533dd8dd1bee6f4c412d4f0cd7297307d43ac61666389e3bc3198a3"
            ],
            "markers": "python_version >= '3.6'",
            "version": "==3.1.1"
        },
        "opt-einsum": {
            "hashes": [
                "sha256:2455e59e3947d3c275477df7f5205b30635e266fe6dc300e3d9f9646bfcea147",
                "sha256:59f6475f77bbc37dcf7cd748519c0ec60722e91e63ca114e68821c0c54a46549"
            ],
            "markers": "python_version >= '3.5'",
            "version": "==3.3.0"
        },
        "parso": {
            "hashes": [
                "sha256:12b83492c6239ce32ff5eed6d3639d6a536170723c6f3f1506869f1ace413398",
                "sha256:a8c4922db71e4fdb90e0d0bc6e50f9b273d3397925e5e60a717e719201778d22"
            ],
            "markers": "python_version >= '3.6'",
            "version": "==0.8.2"
        },
        "pexpect": {
            "hashes": [
                "sha256:0b48a55dcb3c05f3329815901ea4fc1537514d6ba867a152b581d69ae3710937",
                "sha256:fc65a43959d153d0114afe13997d439c22823a27cefceb5ff35c2178c6784c0c"
            ],
            "markers": "sys_platform != 'win32'",
            "version": "==4.8.0"
        },
        "pickleshare": {
            "hashes": [
                "sha256:87683d47965c1da65cdacaf31c8441d12b8044cdec9aca500cd78fc2c683afca",
                "sha256:9649af414d74d4df115d5d718f82acb59c9d418196b7b4290ed47a12ce62df56"
            ],
            "version": "==0.7.5"
        },
        "prompt-toolkit": {
            "hashes": [
                "sha256:27f13ff4e4850fe8f860b77414c7880f67c6158076a7b099062cc8570f1562e5",
                "sha256:62b3d3ea5a3ccee94dc1aac018279cf64866a76837156ebe159b981c42dd20a8"
            ],
            "markers": "python_full_version >= '3.6.2'",
            "version": "==3.0.21"
        },
        "protobuf": {
            "hashes": [
                "sha256:01a0645ef3acddfbc90237e1cdfae1086130fc7cb480b5874656193afd657083",
                "sha256:2f6046b9e2feee0dce994493186e8715b4392ed5f50f356280ad9c2f9f93080a",
                "sha256:34a77b8fafdeb8f89fee2b7108ae60d8958d72e33478680cc1e05517892ecc46",
                "sha256:36bf292f44966c67080e535321501717f4f1eba30faef8f2cd4b0c745a027211",
                "sha256:3fea09aa04ef2f8b01fcc9bb87f19509934f8a35d177c865b8f9ee5c32b60c1b",
                "sha256:4f93e0f6af796ddd1502225ff8ea25340ced186ca05b601c44d5c88b45ba80a0",
                "sha256:6a1dc6584d24ef86f5b104bcad64fa0fe06ed36e5687f426e0445d363a041d18",
                "sha256:6f16925f5c977dd7787973a50c242e60c22b1d1182aba6bec7bd02862579c10f",
                "sha256:708d04394a63ee9bdc797938b6e15ed5bf24a1cb37743eb3886fd74a5a67a234",
                "sha256:7b3867795708ac88fde8d6f34f0d9a50af56087e41f624bdb2e9ff808ea5dda7",
                "sha256:8488c2276f14f294e890cc1260ab342a13e90cd20dcc03319d2eea258f1fd321",
                "sha256:942dd6bc8bd2a3c6a156d8ab0f80bd45313f22b78e1176283270054dcc8ca4c2",
                "sha256:9a8a880593015ef2c83f7af797fa4fbf583b2c98b4bd94e46c5b61fee319d84b",
                "sha256:a74432e9d28a6072a2359a0f49f81eb14dd718e7dbbfb6c0789b456c49e1f130",
                "sha256:ac2f8ec942d414609aba0331952ae12bb823e8f424bbb6b8c422f1cef32dc842",
                "sha256:b64be5d7270cf5e76375bac049846e8a9543a2d4368b69afe78ab725380a7487",
                "sha256:c96e94d3e523a82caa3e5f74b35dd1c4884199358d01c950d95c341255ff48bc",
                "sha256:c99af73ae34c93e0e2ace57ea2e70243f34fc015c8c23fd39ee93652e726f7e7",
                "sha256:d1f4277d321f60456845ca9b882c4845736f1f5c1c69eb778eba22a97977d8af",
                "sha256:d3861c9721a90ba83ee0936a9cfcc4fa1c4b4144ac9658fb6f6343b38558e9b4",
                "sha256:d4ca5f0c7bc8d2e6966ca3bbd85e9ebe7191b6e21f067896d4af6b28ecff29fe",
                "sha256:ee4d07d596357f51316b6ecf1cc1927660e9d5e418385bb1c51fd2496cd9bee7",
                "sha256:f7a031cf8e2fc14acc0ba694f6dff0a01e06b70d817eba6edc72ee6cc20517ac",
                "sha256:f9097327d277b0aa4a3224e61cd6850aef3269172397715299bcffc9f90293c9"
            ],
            "markers": "python_version >= '3.5'",
            "version": "==3.19.0"
        },
        "ptyprocess": {
            "hashes": [
                "sha256:4b41f3967fce3af57cc7e94b888626c18bf37a083e3651ca8feeb66d492fef35",
                "sha256:5c5d0a3b48ceee0b48485e0c26037c0acd7d29765ca3fbb5cb3831d347423220"
            ],
            "version": "==0.7.0"
        },
        "pyasn1": {
            "hashes": [
                "sha256:014c0e9976956a08139dc0712ae195324a75e142284d5f87f1a87ee1b068a359",
                "sha256:03840c999ba71680a131cfaee6fab142e1ed9bbd9c693e285cc6aca0d555e576",
                "sha256:0458773cfe65b153891ac249bcf1b5f8f320b7c2ce462151f8fa74de8934becf",
                "sha256:08c3c53b75eaa48d71cf8c710312316392ed40899cb34710d092e96745a358b7",
                "sha256:39c7e2ec30515947ff4e87fb6f456dfc6e84857d34be479c9d4a4ba4bf46aa5d",
                "sha256:5c9414dcfede6e441f7e8f81b43b34e834731003427e5b09e4e00e3172a10f00",
                "sha256:6e7545f1a61025a4e58bb336952c5061697da694db1cae97b116e9c46abcf7c8",
                "sha256:78fa6da68ed2727915c4767bb386ab32cdba863caa7dbe473eaae45f9959da86",
                "sha256:7ab8a544af125fb704feadb008c99a88805126fb525280b2270bb25cc1d78a12",
                "sha256:99fcc3c8d804d1bc6d9a099921e39d827026409a58f2a720dcdb89374ea0c776",
                "sha256:aef77c9fb94a3ac588e87841208bdec464471d9871bd5050a287cc9a475cd0ba",
                "sha256:e89bf84b5437b532b0803ba5c9a5e054d21fec423a89952a74f87fa2c9b7bce2",
                "sha256:fec3e9d8e36808a28efb59b489e4528c10ad0f480e57dcc32b4de5c9d8c9fdf3"
            ],
            "version": "==0.4.8"
        },
        "pyasn1-modules": {
            "hashes": [
                "sha256:0845a5582f6a02bb3e1bde9ecfc4bfcae6ec3210dd270522fee602365430c3f8",
                "sha256:0fe1b68d1e486a1ed5473f1302bd991c1611d319bba158e98b106ff86e1d7199",
                "sha256:15b7c67fabc7fc240d87fb9aabf999cf82311a6d6fb2c70d00d3d0604878c811",
                "sha256:426edb7a5e8879f1ec54a1864f16b882c2837bfd06eee62f2c982315ee2473ed",
                "sha256:65cebbaffc913f4fe9e4808735c95ea22d7a7775646ab690518c056784bc21b4",
                "sha256:905f84c712230b2c592c19470d3ca8d552de726050d1d1716282a1f6146be65e",
                "sha256:a50b808ffeb97cb3601dd25981f6b016cbb3d31fbf57a8b8a87428e6158d0c74",
                "sha256:a99324196732f53093a84c4369c996713eb8c89d360a496b599fb1a9c47fc3eb",
                "sha256:b80486a6c77252ea3a3e9b1e360bc9cf28eaac41263d173c032581ad2f20fe45",
                "sha256:c29a5e5cc7a3f05926aff34e097e84f8589cd790ce0ed41b67aed6857b26aafd",
                "sha256:cbac4bc38d117f2a49aeedec4407d23e8866ea4ac27ff2cf7fb3e5b570df19e0",
                "sha256:f39edd8c4ecaa4556e989147ebf219227e2cd2e8a43c7e7fcb1f1c18c5fd6a3d",
                "sha256:fe0644d9ab041506b62782e92b06b8c68cca799e1a9636ec398675459e031405"
            ],
            "version": "==0.2.8"
        },
        "pygments": {
            "hashes": [
                "sha256:b8e67fe6af78f492b3c4b3e2970c0624cbf08beb1e493b2c99b9fa1b67a20380",
                "sha256:f398865f7eb6874156579fdf36bc840a03cab64d1cde9e93d68f46a425ec52c6"
            ],
            "markers": "python_version >= '3.5'",
            "version": "==2.10.0"
        },
        "requests": {
            "hashes": [
                "sha256:6c1246513ecd5ecd4528a0906f910e8f0f9c6b8ec72030dc9fd154dc1a6efd24",
                "sha256:b8aa58f8cf793ffd8782d3d8cb19e66ef36f7aba4353eec859e74678b01b07a7"
            ],
            "markers": "python_version >= '2.7' and python_version not in '3.0, 3.1, 3.2, 3.3, 3.4, 3.5'",
            "version": "==2.26.0"
        },
        "requests-oauthlib": {
            "hashes": [
                "sha256:7f71572defaecd16372f9006f33c2ec8c077c3cfa6f5911a9a90202beb513f3d",
                "sha256:b4261601a71fd721a8bd6d7aa1cc1d6a8a93b4a9f5e96626f8e4d91e8beeaa6a",
                "sha256:fa6c47b933f01060936d87ae9327fead68768b69c6c9ea2109c48be30f2d4dbc"
            ],
            "version": "==1.3.0"
        },
        "rsa": {
            "hashes": [
                "sha256:78f9a9bf4e7be0c5ded4583326e7461e3a3c5aae24073648b4bdfa797d78c9d2",
                "sha256:9d689e6ca1b3038bc82bf8d23e944b6b6037bc02301a574935b2dd946e0353b9"
            ],
            "markers": "python_version >= '3.6'",
            "version": "==4.7.2"
        },
        "scikit-learn": {
            "hashes": [
                "sha256:02aee3b257617da0ec98dee9572b10523dc00c25b68c195ddf100c1a93b1854b",
                "sha256:059c5be0c0365321ddbcac7abf0db806fad8ecb64ee6c7cbcd58313c7d61634d",
                "sha256:116e05fd990d9b363fc29bd3699ec2117d7da9088f6ca9a90173b240c5a063f1",
                "sha256:11a57405c1c3514227d0c6a0bee561c94cd1284b41e236f7a1d76b3975f77593",
                "sha256:32d941f12fd7e245f01da2b82943c5ce6f1133fa5375eb80caa51457532b3e7e",
                "sha256:46248cc6a8b72490f723c73ff2e65e62633d14cafe9d2df3a7b3f87d332a6f7e",
                "sha256:515b227f01f569145dc9f86e56f4cea9f00a613fc4d074bbfc0a92ca00bff467",
                "sha256:538f3a85c4980c7572f3e754f0ba8489363976ef3e7f6a94e8f1af5ae45f6f6a",
                "sha256:53bb7c605427ab187869d7a05cd3f524a3015a90e351c1788fc3a662e7f92b69",
                "sha256:59b1d6df8724003fa16b7365a3b43449ee152aa6e488dd7a19f933640bb2d7fb",
                "sha256:62ce4e3ddb6e6e9dcdb3e5ac7f0575dbaf56f79ce2b2edee55192b12b52df5be",
                "sha256:648f4dbfdd0a1b45bf6e2e4afe3f431774c55dee05e2d28f8394d6648296f373",
                "sha256:944f47b2d881b9d24aee40d643bfdc4bd2b6dc3d25b62964411c6d8882f940a1",
                "sha256:a51fdbc116974d9715957366df73e5ec6f0a7a2afa017864c2e5f5834e6f494d",
                "sha256:a800665527c1a63f7395a0baae3c89b0d97b54d2c23769c1c9879061bb80bc19",
                "sha256:ac2ca9dbb754d61cfe1c83ba8483498ef951d29b93ec09d6f002847f210a99da",
                "sha256:bd78a2442c948536f677e2744917c37cff014559648102038822c23863741c27",
                "sha256:c604a813df8e7d6dfca3ae0db0a8fd7e5dff4ea9d94081ab263c81bf0b61ab4b",
                "sha256:c6b9510fd2e1642314efb7aa951a0d05d963f3523e01c30b2dadde2395ebe6b4",
                "sha256:ebbe4275556d3c02707bd93ae8b96d9651acd4165126e0ae64b336afa2a6dcb1",
                "sha256:ee59da47e18b703f6de17d5d51b16ce086c50969d5a83db5217f0ae9372de232",
                "sha256:fb7214103f6c36c1371dd8c166897e3528264a28f2e2e42573ba8c61ed4d7142",
                "sha256:fc60e0371e521995a6af2ef3f5d911568506124c272889b318b8b6e497251231",
                "sha256:fc75f81571137b39f9b31766e15a0e525331637e7fe8f8000a3fbfba7da3add9",
                "sha256:fecb5102f0a36c16c1361ec519a7bb0260776ef40e17393a81f530569c916a7b"
            ],
            "markers": "python_version >= '3.7'",
            "version": "==1.0.1"
        },
        "scipy": {
            "hashes": [
                "sha256:2a0eeaab01258e0870c4022a6cd329aef3b7c6c2b606bd7cf7bb2ba9820ae561",
                "sha256:3304bd5bc32e00954ac4b3f4cc382ca8824719bf348aacbec6347337d6b125fe",
                "sha256:3f52470e0548cdb74fb8ddf06773ffdcca7c97550f903b1c51312ec19243a7f7",
                "sha256:4729b41a4cdaf4cd011aeac816b532f990bdf97710cef59149d3e293115cf467",
                "sha256:4ee952f39a4a4c7ba775a32b664b1f4b74818548b65f765987adc14bb78f5802",
                "sha256:611f9cb459d0707dd8e4de0c96f86e93f61aac7475fcb225e9ec71fecdc5cebf",
                "sha256:6b47d5fa7ea651054362561a28b1ccc8da9368a39514c1bbf6c0977a1c376764",
                "sha256:71cfc96297617eab911e22216e8a8597703202e95636d9406df9af5c2ac99a2b",
                "sha256:787749110a23502031fb1643c55a2236c99c6b989cca703ea2114d65e21728ef",
                "sha256:90c07ba5f34f33299a428b0d4fa24c30d2ceba44d63f8385b2b05be460819fcb",
                "sha256:a496b42dbcd04ea9924f5e92be63af3d8e0f43a274b769bfaca0a297327d54ee",
                "sha256:bc61e3e5ff92d2f32bb263621d54a9cff5e3f7c420af3d1fa122ce2529de2bd9",
                "sha256:c9951e3746b68974125e5e3445008a4163dd6d20ae0bbdae22b38cb8951dc11b",
                "sha256:d1388fbac9dd591ea630da75c455f4cc637a7ca5ecb31a6b6cef430914749cde",
                "sha256:d13f31457f2216e5705304d9f28e2826edf75487410a57aa99263fa4ffd792c2",
                "sha256:d648aa85dd5074b1ed83008ae987c3fbb53d68af619fce1dee231f4d8bd40e2f",
                "sha256:da9c6b336e540def0b7fd65603da8abeb306c5fc9a5f4238665cbbb5ff95cf58",
                "sha256:e101bceeb9e65a90dadbc5ca31283403a2d4667b9c178db29109750568e8d112",
                "sha256:efdd3825d54c58df2cc394366ca4b9166cf940a0ebddeb87b6c10053deb625ea"
            ],
            "markers": "python_version < '3.10' and python_version >= '3.7'",
            "version": "==1.7.1"
        },
        "six": {
            "hashes": [
                "sha256:1e61c37477a1626458e36f7b1d82aa5c9b094fa4802892072e49de9c60c4c926",
                "sha256:8abb2f1d86890a2dfb989f9a77cfcfd3e47c2a354b01111771326f8aa26e0254"
            ],
            "markers": "python_version >= '2.7' and python_version not in '3.0, 3.1, 3.2'",
            "version": "==1.16.0"
        },
        "tensorboard": {
            "hashes": [
                "sha256:239f78a4a8dff200ce585a030c787773a8c1184d5c159252f5f85bac4e3c3b38"
            ],
            "markers": "python_version >= '3.6'",
            "version": "==2.7.0"
        },
        "tensorboard-data-server": {
            "hashes": [
                "sha256:809fe9887682d35c1f7d1f54f0f40f98bb1f771b14265b453ca051e2ce58fca7",
                "sha256:d8237580755e58eff68d1f3abefb5b1e39ae5c8b127cc40920f9c4fb33f4b98a",
                "sha256:fa8cef9be4fcae2f2363c88176638baf2da19c5ec90addb49b1cde05c95c88ee"
            ],
            "markers": "python_version >= '3.6'",
            "version": "==0.6.1"
        },
        "tensorboard-plugin-wit": {
            "hashes": [
                "sha256:2a80d1c551d741e99b2f197bb915d8a133e24adb8da1732b840041860f91183a"
            ],
            "version": "==1.8.0"
        },
        "tensorflow": {
            "hashes": [
                "sha256:55e68ac2e91aaa56c7751c45ea4d951ce44b71d7dca452b5437ecd7b40493b13",
                "sha256:6aa0aa1e496979daaa577a04bf0db298e2193404c8bedee800e5caded84cf4b5",
                "sha256:9360ba5c002ed2af0fad9d449791bcda01622db7e7d8758e547ea3dde44439aa",
                "sha256:9bd01d95243d3023afbe3df3298fdc55db3e05d48ba606000d679d54702b20c8",
                "sha256:ae1c2acb2b210181177017b64bc22044df8cf25a014568a78f4c612d832bbc00",
                "sha256:b9018feabb002dcb7841df842655231b1f6db07ac00bce8c1b6dc67a9ff150d1",
                "sha256:c85d29c7b5c000b196200a25e18a5905cc04f75c989e508f8fd110f3b2c4b4fe",
                "sha256:ecdf21000e3fcb25df5da169e066e3a098084d758f5b0cf83cf973f8849f566c",
                "sha256:fc46cb30a6f4bf6f99a1e1ab58ded5edc12b33aad3018c5bae0bb7a3fbd6e941"
            ],
            "index": "pypi",
            "version": "==2.3.2"
        },
        "tensorflow-estimator": {
            "hashes": [
                "sha256:b75e034300ccb169403cf2695adf3368da68863aeb0c14c3760064c713d5c486"
            ],
            "version": "==2.3.0"
        },
        "termcolor": {
            "hashes": [
                "sha256:1d6d69ce66211143803fbc56652b41d73b4a400a2891d7bf7a1cdf4c02de613b"
            ],
            "version": "==1.1.0"
        },
        "textgenrnn": {
            "git": "git://github.com/minimaxir/textgenrnn.git",
            "ref": "ee8b9e806d109c25566581f358a4a72b6f03929a"
        },
        "threadpoolctl": {
            "hashes": [
                "sha256:4fade5b3b48ae4b1c30f200b28f39180371104fccc642e039e0f2435ec8cc211",
                "sha256:d03115321233d0be715f0d3a5ad1d6c065fe425ddc2d671ca8e45e9fd5d7a52a"
            ],
            "markers": "python_version >= '3.6'",
            "version": "==3.0.0"
        },
        "tqdm": {
            "hashes": [
                "sha256:8dd278a422499cd6b727e6ae4061c40b48fce8b76d1ccbf5d34fca9b7f925b0c",
                "sha256:d359de7217506c9851b7869f3708d8ee53ed70a1b8edbba4dbcb47442592920d"
            ],
            "markers": "python_version >= '2.7' and python_version not in '3.0, 3.1, 3.2, 3.3'",
            "version": "==4.62.3"
        },
        "traitlets": {
            "hashes": [
                "sha256:059f456c5a7c1c82b98c2e8c799f39c9b8128f6d0d46941ee118daace9eb70c7",
                "sha256:2d313cc50a42cd6c277e7d7dc8d4d7fedd06a2c215f78766ae7b1a66277e0033"
            ],
            "markers": "python_version >= '3.7'",
            "version": "==5.1.1"
        },
        "typing-extensions": {
            "hashes": [
                "sha256:49f75d16ff11f1cd258e1b988ccff82a3ca5570217d7ad8c5f48205dd99a677e",
                "sha256:d8226d10bc02a29bcc81df19a26e56a9647f8b0a6d4a83924139f4a8b01f17b7",
                "sha256:f1d25edafde516b146ecd0613dabcc61409817af4766fbbcfb8d1ad4ec441a34"
            ],
            "markers": "python_version < '3.8'",
            "version": "==3.10.0.2"
        },
        "urllib3": {
            "hashes": [
                "sha256:4987c65554f7a2dbf30c18fd48778ef124af6fab771a377103da0585e2336ece",
                "sha256:c4fdf4019605b6e5423637e01bc9fe4daef873709a7973e195ceba0a62bbc844"
            ],
            "markers": "python_version >= '2.7' and python_version not in '3.0, 3.1, 3.2, 3.3, 3.4' and python_version < '4'",
            "version": "==1.26.7"
        },
        "wcwidth": {
            "hashes": [
                "sha256:beb4802a9cebb9144e99086eff703a642a13d6a0052920003a230f3294bbe784",
                "sha256:c4d647b99872929fdb7bdcaa4fbe7f01413ed3d98077df798530e5b04f116c83"
            ],
            "version": "==0.2.5"
        },
        "werkzeug": {
            "hashes": [
                "sha256:63d3dc1cf60e7b7e35e97fa9861f7397283b75d765afcaefd993d6046899de8f",
                "sha256:aa2bb6fc8dee8d6c504c0ac1e7f5f7dc5810a9903e793b6f715a9f015bdadb9a"
            ],
            "markers": "python_version >= '3.6'",
            "version": "==2.0.2"
        },
        "wheel": {
            "hashes": [
                "sha256:21014b2bd93c6d0034b6ba5d35e4eb284340e09d63c59aef6fc14b0f346146fd",
                "sha256:e2ef7239991699e3355d54f8e968a21bb940a1dbf34a4d226741e64462516fad"
            ],
            "markers": "python_version >= '2.7' and python_version not in '3.0, 3.1, 3.2, 3.3, 3.4'",
            "version": "==0.37.0"
        },
        "wrapt": {
            "hashes": [
                "sha256:0473d1558b93e314e84313cc611f6c86be779369f9d3734302bf185a4d2625b1",
                "sha256:0582180566e7a13030f896c2f1ac6a56134ab5f3c3f4c5538086f758b1caf3f2",
                "sha256:15eee0e6fd07f48af2f66d0e6f2ff1916ffe9732d464d5e2390695296872cad9",
                "sha256:1c5c4cf188b5643a97e87e2110bbd4f5bc491d54a5b90633837b34d5df6a03fe",
                "sha256:1eb657ed84f4d3e6ad648483c8a80a0cf0a78922ef94caa87d327e2e1ad49b48",
                "sha256:22142afab65daffc95863d78effcbd31c19a8003eca73de59f321ee77f73cadb",
                "sha256:283e402e5357e104ac1e3fba5791220648e9af6fb14ad7d9cc059091af2b31d2",
                "sha256:3de7b4d3066cc610054e7aa2c005645e308df2f92be730aae3a47d42e910566a",
                "sha256:3e0d16eedc242d01a6f8cf0623e9cdc3b869329da3f97a15961d8864111d8cf0",
                "sha256:3e33c138d1e3620b1e0cc6fd21e46c266393ed5dae0d595b7ed5a6b73ed57aa0",
                "sha256:3f87042623530bcffea038f824b63084180513c21e2e977291a9a7e65a66f13b",
                "sha256:53c6706a1bcfb6436f1625511b95b812798a6d2ccc51359cd791e33722b5ea32",
                "sha256:593cb049ce1c391e0288523b30426c4430b26e74c7e6f6e2844bd99ac7ecc831",
                "sha256:6e6d1a8eeef415d7fb29fe017de0e48f45e45efd2d1bfda28fc50b7b330859ef",
                "sha256:724ed2bc9c91a2b9026e5adce310fa60c6e7c8760b03391445730b9789b9d108",
                "sha256:728e2d9b7a99dd955d3426f237b940fc74017c4a39b125fec913f575619ddfe9",
                "sha256:7574de567dcd4858a2ffdf403088d6df8738b0e1eabea220553abf7c9048f59e",
                "sha256:8164069f775c698d15582bf6320a4f308c50d048c1c10cf7d7a341feaccf5df7",
                "sha256:81a4cf257263b299263472d669692785f9c647e7dca01c18286b8f116dbf6b38",
                "sha256:82223f72eba6f63eafca87a0f614495ae5aa0126fe54947e2b8c023969e9f2d7",
                "sha256:8318088860968c07e741537030b1abdd8908ee2c71fbe4facdaade624a09e006",
                "sha256:83f2793ec6f3ef513ad8d5b9586f5ee6081cad132e6eae2ecb7eac1cc3decae0",
                "sha256:87ee3c73bdfb4367b26c57259995935501829f00c7b3eed373e2ad19ec21e4e4",
                "sha256:8860c8011a6961a651b1b9f46fdbc589ab63b0a50d645f7d92659618a3655867",
                "sha256:9adee1891253670575028279de8365c3a02d3489a74a66d774c321472939a0b1",
                "sha256:a0cdedf681db878416c05e1831ec69691b0e6577ac7dca9d4f815632e3549580",
                "sha256:a70d876c9aba12d3bd7f8f1b05b419322c6789beb717044eea2c8690d35cb91b",
                "sha256:ada5e29e59e2feb710589ca1c79fd989b1dd94d27079dc1d199ec954a6ecc724",
                "sha256:af9480de8e63c5f959a092047aaf3d7077422ded84695b3398f5d49254af3e90",
                "sha256:b20703356cae1799080d0ad15085dc3213c1ac3f45e95afb9f12769b98231528",
                "sha256:bc85d17d90201afd88e3d25421da805e4e135012b5d1f149e4de2981394b2a52",
                "sha256:bff0a59387a0a2951cb869251257b6553663329a1b5525b5226cab8c88dcbe7e",
                "sha256:c65e623ea7556e39c4f0818200a046cbba7575a6b570ff36122c276fdd30ab0a",
                "sha256:c6ee5f8734820c21b9b8bf705e99faba87f21566d20626568eeb0d62cbeaf23c",
                "sha256:c7ac2c7a8e34bd06710605b21dd1f3576764443d68e069d2afba9b116014d072",
                "sha256:ccb34ce599cab7f36a4c90318697ead18312c67a9a76327b3f4f902af8f68ea1",
                "sha256:d0d717e10f952df7ea41200c507cc7e24458f4c45b56c36ad418d2e79dacd1d4",
                "sha256:d90520616fce71c05dedeac3a0fe9991605f0acacd276e5f821842e454485a70",
                "sha256:dca56cc5963a5fd7c2aa8607017753f534ee514e09103a6c55d2db70b50e7447",
                "sha256:df3eae297a5f1594d1feb790338120f717dac1fa7d6feed7b411f87e0f2401c7",
                "sha256:e634136f700a21e1fcead0c137f433dde928979538c14907640607d43537d468",
                "sha256:fbad5ba74c46517e6488149514b2e2348d40df88cd6b52a83855b7a8bf04723f",
                "sha256:fbe6aebc9559fed7ea27de51c2bf5c25ba2a4156cf0017556f72883f2496ee9a",
                "sha256:fdede980273aeca591ad354608778365a3a310e0ecdd7a3587b38bc5be9b1808"
            ],
            "markers": "python_version >= '2.7' and python_version not in '3.0, 3.1, 3.2, 3.3, 3.4'",
            "version": "==1.13.2"
        },
        "zipp": {
            "hashes": [
                "sha256:71c644c5369f4a6e07636f0aa966270449561fcea2e3d6747b8d23efaa9d7832",
                "sha256:9fe5ea21568a0a70e50f273397638d39b03353731e6cbbb3fd8502a33fec40bc"
            ],
            "markers": "python_version >= '3.6'",
            "version": "==3.6.0"
        }
    },
    "develop": {}
}
